
Microsoft Visual Studio Solution File, Format Version 12.00
# Visual Studio Version 17
VisualStudioVersion = 17.11.35118.90
MinimumVisualStudioVersion = 10.0.40219.1
Project("{FAE04EC0-301F-11D3-BF4B-00C04F79EFBC}") = "FitFix", "FitFix\FitFix.csproj", "{5FBAEAD7-A09A-460A-A4C4-7F5B37D7020B}"
EndProject
Global
	GlobalSection(SolutionConfigurationPlatforms) = preSolution
		Debug|Any CPU = Debug|Any CPU
		Release|Any CPU = Release|Any CPU
	EndGlobalSection
	GlobalSection(ProjectConfigurationPlatforms) = postSolution
		{5FBAEAD7-A09A-460A-A4C4-7F5B37D7020B}.Debug|Any CPU.ActiveCfg = Debug|Any CPU
		{5FBAEAD7-A09A-460A-A4C4-7F5B37D7020B}.Debug|Any CPU.Build.0 = Debug|Any CPU
		{5FBAEAD7-A09A-460A-A4C4-7F5B37D7020B}.Release|Any CPU.ActiveCfg = Release|Any CPU
		{5FBAEAD7-A09A-460A-A4C4-7F5B37D7020B}.Release|Any CPU.Build.0 = Release|Any CPU
	EndGlobalSection
	GlobalSection(SolutionProperties) = preSolution
		HideSolutionNode = FALSE
	EndGlobalSection
	GlobalSection(ExtensibilityGlobals) = postSolution
		SolutionGuid = {16F96C08-8A7E-4ACD-8A41-BCBF2017ED29}
	EndGlobalSection
EndGlobal
